
Microsoft Visual Studio Solution File, Format Version 12.00
# Visual Studio 15
VisualStudioVersion = 15.0.28307.2092
MinimumVisualStudioVersion = 10.0.40219.1
Project("{FAE04EC0-301F-11D3-BF4B-00C04F79EFBC}") = "RadioCabs", "RadioCabs\RadioCabs.csproj", "{BE9ED500-B106-41EF-ADAC-9D02CFFC9FAD}"
EndProject
Project("{2150E333-8FDC-42A3-9474-1A3956D46DE8}") = "Solution Items", "Solution Items", "{1EC34F84-D09E-414F-970A-84D4EB18CB66}"
	ProjectSection(SolutionItems) = preProject
		READEME.md = READEME.md
	EndProjectSection
EndProject
Global
	GlobalSection(SolutionConfigurationPlatforms) = preSolution
		Debug|Any CPU = Debug|Any CPU
		Release|Any CPU = Release|Any CPU
	EndGlobalSection
	GlobalSection(ProjectConfigurationPlatforms) = postSolution
		{BE9ED500-B106-41EF-ADAC-9D02CFFC9FAD}.Debug|Any CPU.ActiveCfg = Debug|Any CPU
		{BE9ED500-B106-41EF-ADAC-9D02CFFC9FAD}.Debug|Any CPU.Build.0 = Debug|Any CPU
		{BE9ED500-B106-41EF-ADAC-9D02CFFC9FAD}.Release|Any CPU.ActiveCfg = Release|Any CPU
		{BE9ED500-B106-41EF-ADAC-9D02CFFC9FAD}.Release|Any CPU.Build.0 = Release|Any CPU
	EndGlobalSection
	GlobalSection(SolutionProperties) = preSolution
		HideSolutionNode = FALSE
	EndGlobalSection
	GlobalSection(ExtensibilityGlobals) = postSolution
		SolutionGuid = {7B32956C-47C8-4E79-989D-D6F4470D4D2A}
	EndGlobalSection
EndGlobal
