
Microsoft Visual Studio Solution File, Format Version 12.00
# Visual Studio 15
VisualStudioVersion = 15.0.28307.2092
MinimumVisualStudioVersion = 10.0.40219.1
Project("{9A19103F-16F7-4668-BE54-9A1E7A4F7556}") = "RadioCabs", "RadioCabs\RadioCabs.csproj", "{BE9ED500-B106-41EF-ADAC-9D02CFFC9FAD}"
EndProject
Project("{FAE04EC0-301F-11D3-BF4B-00C04F79EFBC}") = "Radio.Data", "Radio.Data\Radio.Data.csproj", "{B8881E6E-177D-4809-A941-55E5F057F94B}"
EndProject
Project("{FAE04EC0-301F-11D3-BF4B-00C04F79EFBC}") = "Radio.Application", "Radio.Application\Radio.Application.csproj", "{C5CA3840-B74C-416E-87B1-DBDFFCE4F1BF}"
EndProject
Global
	GlobalSection(SolutionConfigurationPlatforms) = preSolution
		Debug|Any CPU = Debug|Any CPU
		Release|Any CPU = Release|Any CPU
	EndGlobalSection
	GlobalSection(ProjectConfigurationPlatforms) = postSolution
		{BE9ED500-B106-41EF-ADAC-9D02CFFC9FAD}.Debug|Any CPU.ActiveCfg = Debug|Any CPU
		{BE9ED500-B106-41EF-ADAC-9D02CFFC9FAD}.Debug|Any CPU.Build.0 = Debug|Any CPU
		{BE9ED500-B106-41EF-ADAC-9D02CFFC9FAD}.Release|Any CPU.ActiveCfg = Release|Any CPU
		{BE9ED500-B106-41EF-ADAC-9D02CFFC9FAD}.Release|Any CPU.Build.0 = Release|Any CPU
		{B8881E6E-177D-4809-A941-55E5F057F94B}.Debug|Any CPU.ActiveCfg = Debug|Any CPU
		{B8881E6E-177D-4809-A941-55E5F057F94B}.Debug|Any CPU.Build.0 = Debug|Any CPU
		{B8881E6E-177D-4809-A941-55E5F057F94B}.Release|Any CPU.ActiveCfg = Release|Any CPU
		{B8881E6E-177D-4809-A941-55E5F057F94B}.Release|Any CPU.Build.0 = Release|Any CPU
		{C5CA3840-B74C-416E-87B1-DBDFFCE4F1BF}.Debug|Any CPU.ActiveCfg = Debug|Any CPU
		{C5CA3840-B74C-416E-87B1-DBDFFCE4F1BF}.Debug|Any CPU.Build.0 = Debug|Any CPU
		{C5CA3840-B74C-416E-87B1-DBDFFCE4F1BF}.Release|Any CPU.ActiveCfg = Release|Any CPU
		{C5CA3840-B74C-416E-87B1-DBDFFCE4F1BF}.Release|Any CPU.Build.0 = Release|Any CPU
	EndGlobalSection
	GlobalSection(SolutionProperties) = preSolution
		HideSolutionNode = FALSE
	EndGlobalSection
	GlobalSection(ExtensibilityGlobals) = postSolution
		SolutionGuid = {7B32956C-47C8-4E79-989D-D6F4470D4D2A}
	EndGlobalSection
EndGlobal
